
Microsoft Visual Studio Solution File, Format Version 12.00
# Visual Studio Version 17
VisualStudioVersion = 17.5.002.0
MinimumVisualStudioVersion = 10.0.40219.1
Project("{9A19103F-16F7-4668-BE54-9A1E7A4F7556}") = "DesafioFundamentos", "DesafioFundamentos\DesafioFundamentos.csproj", "{482D21AA-B192-412C-8625-3FE9712E77FA}"
EndProject
Global
	GlobalSection(SolutionConfigurationPlatforms) = preSolution
		Debug|Any CPU = Debug|Any CPU
		Release|Any CPU = Release|Any CPU
	EndGlobalSection
	GlobalSection(ProjectConfigurationPlatforms) = postSolution
		{482D21AA-B192-412C-8625-3FE9712E77FA}.Debug|Any CPU.ActiveCfg = Debug|Any CPU
		{482D21AA-B192-412C-8625-3FE9712E77FA}.Debug|Any CPU.Build.0 = Debug|Any CPU
		{482D21AA-B192-412C-8625-3FE9712E77FA}.Release|Any CPU.ActiveCfg = Release|Any CPU
		{482D21AA-B192-412C-8625-3FE9712E77FA}.Release|Any CPU.Build.0 = Release|Any CPU
	EndGlobalSection
	GlobalSection(SolutionProperties) = preSolution
		HideSolutionNode = FALSE
	EndGlobalSection
	GlobalSection(ExtensibilityGlobals) = postSolution
		SolutionGuid = {1E821CEC-BBB6-4CF0-9D30-C7A81266AB0A}
	EndGlobalSection
EndGlobal
